
Microsoft Visual Studio Solution File, Format Version 12.00
# Visual Studio 2012
Project("{FAE04EC0-301F-11D3-BF4B-00C04F79EFBC}") = "CD2.0_OpenMS.AdapterNodes", "CD2.0_OpenMS.AdapterNodes.csproj", "{163029D1-129E-4875-86DA-6640145424D9}"
EndProject
Project("{FAE04EC0-301F-11D3-BF4B-00C04F79EFBC}") = "Server Dummy Project", "..\ConsoleApplication1\Server Dummy Project.csproj", "{8A547D5E-469C-4F28-8C33-51B01639D646}"
EndProject
Global
	GlobalSection(SolutionConfigurationPlatforms) = preSolution
		Debug|Any CPU = Debug|Any CPU
		Release|Any CPU = Release|Any CPU
	EndGlobalSection
	GlobalSection(ProjectConfigurationPlatforms) = postSolution
		{163029D1-129E-4875-86DA-6640145424D9}.Debug|Any CPU.ActiveCfg = Debug|Any CPU
		{163029D1-129E-4875-86DA-6640145424D9}.Debug|Any CPU.Build.0 = Debug|Any CPU
		{163029D1-129E-4875-86DA-6640145424D9}.Release|Any CPU.ActiveCfg = Release|Any CPU
		{163029D1-129E-4875-86DA-6640145424D9}.Release|Any CPU.Build.0 = Release|Any CPU
		{8A547D5E-469C-4F28-8C33-51B01639D646}.Debug|Any CPU.ActiveCfg = Debug|Any CPU
		{8A547D5E-469C-4F28-8C33-51B01639D646}.Debug|Any CPU.Build.0 = Debug|Any CPU
		{8A547D5E-469C-4F28-8C33-51B01639D646}.Release|Any CPU.ActiveCfg = Release|Any CPU
		{8A547D5E-469C-4F28-8C33-51B01639D646}.Release|Any CPU.Build.0 = Release|Any CPU
	EndGlobalSection
	GlobalSection(SolutionProperties) = preSolution
		HideSolutionNode = FALSE
	EndGlobalSection
EndGlobal
